// !$*UTF8*$!
{
	archiveVersion = 1;
	classes = {
	};
	objectVersion = 46;
	objects = {

/* Begin PBXBuildFile section */
		AF025DDA1F1CD3D500C7AEF8 /* AppDelegate.swift in Sources */ = {isa = PBXBuildFile; fileRef = AF025DD91F1CD3D500C7AEF8 /* AppDelegate.swift */; };
		AF025DDC1F1CD3D500C7AEF8 /* ViewController.swift in Sources */ = {isa = PBXBuildFile; fileRef = AF025DDB1F1CD3D500C7AEF8 /* ViewController.swift */; };
		AF025DDF1F1CD3D500C7AEF8 /* Main.storyboard in Resources */ = {isa = PBXBuildFile; fileRef = AF025DDD1F1CD3D500C7AEF8 /* Main.storyboard */; };
		AF025DE11F1CD3D500C7AEF8 /* Assets.xcassets in Resources */ = {isa = PBXBuildFile; fileRef = AF025DE01F1CD3D500C7AEF8 /* Assets.xcassets */; };
		AF025DE41F1CD3D500C7AEF8 /* LaunchScreen.storyboard in Resources */ = {isa = PBXBuildFile; fileRef = AF025DE21F1CD3D500C7AEF8 /* LaunchScreen.storyboard */; };
		AF025DEC1F1CD8FC00C7AEF8 /* ShowViewController.swift in Sources */ = {isa = PBXBuildFile; fileRef = AF025DEB1F1CD8FC00C7AEF8 /* ShowViewController.swift */; };
		AF025DF01F1CE03A00C7AEF8 /* image_1.JPG in Resources */ = {isa = PBXBuildFile; fileRef = AF025DED1F1CE03A00C7AEF8 /* image_1.JPG */; };
		AF025DF11F1CE03A00C7AEF8 /* image_2.JPG in Resources */ = {isa = PBXBuildFile; fileRef = AF025DEE1F1CE03A00C7AEF8 /* image_2.JPG */; };
		AF025DF21F1CE03A00C7AEF8 /* image_3.JPG in Resources */ = {isa = PBXBuildFile; fileRef = AF025DEF1F1CE03A00C7AEF8 /* image_3.JPG */; };
/* End PBXBuildFile section */

/* Begin PBXFileReference section */
		AF025DD61F1CD3D500C7AEF8 /* SlideshowApp.app */ = {isa = PBXFileReference; explicitFileType = wrapper.application; includeInIndex = 0; path = SlideshowApp.app; sourceTree = BUILT_PRODUCTS_DIR; };
		AF025DD91F1CD3D500C7AEF8 /* AppDelegate.swift */ = {isa = PBXFileReference; lastKnownFileType = sourcecode.swift; path = AppDelegate.swift; sourceTree = "<group>"; };
		AF025DDB1F1CD3D500C7AEF8 /* ViewController.swift */ = {isa = PBXFileReference; lastKnownFileType = sourcecode.swift; path = ViewController.swift; sourceTree = "<group>"; };
		AF025DDE1F1CD3D500C7AEF8 /* Base */ = {isa = PBXFileReference; lastKnownFileType = file.storyboard; name = Base; path = Base.lproj/Main.storyboard; sourceTree = "<group>"; };
		AF025DE01F1CD3D500C7AEF8 /* Assets.xcassets */ = {isa = PBXFileReference; lastKnownFileType = folder.assetcatalog; path = Assets.xcassets; sourceTree = "<group>"; };
		AF025DE31F1CD3D500C7AEF8 /* Base */ = {isa = PBXFileReference; lastKnownFileType = file.storyboard; name = Base; path = Base.lproj/LaunchScreen.storyboard; sourceTree = "<group>"; };
		AF025DE51F1CD3D500C7AEF8 /* Info.plist */ = {isa = PBXFileReference; lastKnownFileType = text.plist.xml; path = Info.plist; sourceTree = "<group>"; };
		AF025DEB1F1CD8FC00C7AEF8 /* ShowViewController.swift */ = {isa = PBXFileReference; fileEncoding = 4; lastKnownFileType = sourcecode.swift; path = ShowViewController.swift; sourceTree = "<group>"; };
		AF025DED1F1CE03A00C7AEF8 /* image_1.JPG */ = {isa = PBXFileReference; lastKnownFileType = image.jpeg; path = image_1.JPG; sourceTree = "<group>"; };
		AF025DEE1F1CE03A00C7AEF8 /* image_2.JPG */ = {isa = PBXFileReference; lastKnownFileType = image.jpeg; path = image_2.JPG; sourceTree = "<group>"; };
		AF025DEF1F1CE03A00C7AEF8 /* image_3.JPG */ = {isa = PBXFileReference; lastKnownFileType = image.jpeg; path = image_3.JPG; sourceTree = "<group>"; };
/* End PBXFileReference section */

/* Begin PBXFrameworksBuildPhase section */
		AF025DD31F1CD3D500C7AEF8 /* Frameworks */ = {
			isa = PBXFrameworksBuildPhase;
			buildActionMask = 2147483647;
			files = (
			);
			runOnlyForDeploymentPostprocessing = 0;
		};
/* End PBXFrameworksBuildPhase section */

/* Begin PBXGroup section */
		AF025DCD1F1CD3D500C7AEF8 = {
			isa = PBXGroup;
			children = (
				AF025DD81F1CD3D500C7AEF8 /* SlideshowApp */,
				AF025DD71F1CD3D500C7AEF8 /* Products */,
				AF025DED1F1CE03A00C7AEF8 /* image_1.JPG */,
				AF025DEE1F1CE03A00C7AEF8 /* image_2.JPG */,
				AF025DEF1F1CE03A00C7AEF8 /* image_3.JPG */,
			);
			sourceTree = "<group>";
		};
		AF025DD71F1CD3D500C7AEF8 /* Products */ = {
			isa = PBXGroup;
			children = (
				AF025DD61F1CD3D500C7AEF8 /* SlideshowApp.app */,
			);
			name = Products;
			sourceTree = "<group>";
		};
		AF025DD81F1CD3D500C7AEF8 /* SlideshowApp */ = {
			isa = PBXGroup;
			children = (
				AF025DD91F1CD3D500C7AEF8 /* AppDelegate.swift */,
				AF025DDB1F1CD3D500C7AEF8 /* ViewController.swift */,
				AF025DDD1F1CD3D500C7AEF8 /* Main.storyboard */,
				AF025DEB1F1CD8FC00C7AEF8 /* ShowViewController.swift */,
				AF025DE01F1CD3D500C7AEF8 /* Assets.xcassets */,
				AF025DE21F1CD3D500C7AEF8 /* LaunchScreen.storyboard */,
				AF025DE51F1CD3D500C7AEF8 /* Info.plist */,
			);
			path = SlideshowApp;
			sourceTree = "<group>";
		};
/* End PBXGroup section */

/* Begin PBXNativeTarget section */
		AF025DD51F1CD3D500C7AEF8 /* SlideshowApp */ = {
			isa = PBXNativeTarget;
			buildConfigurationList = AF025DE81F1CD3D500C7AEF8 /* Build configuration list for PBXNativeTarget "SlideshowApp" */;
			buildPhases = (
				AF025DD21F1CD3D500C7AEF8 /* Sources */,
				AF025DD31F1CD3D500C7AEF8 /* Frameworks */,
				AF025DD41F1CD3D500C7AEF8 /* Resources */,
			);
			buildRules = (
			);
			dependencies = (
			);
			name = SlideshowApp;
			productName = SlideshowApp;
			productReference = AF025DD61F1CD3D500C7AEF8 /* SlideshowApp.app */;
			productType = "com.apple.product-type.application";
		};
/* End PBXNativeTarget section */

/* Begin PBXProject section */
		AF025DCE1F1CD3D500C7AEF8 /* Project object */ = {
			isa = PBXProject;
			attributes = {
				LastSwiftUpdateCheck = 0820;
				LastUpgradeCheck = 0820;
				ORGANIZATIONNAME = ghard1053;
				TargetAttributes = {
					AF025DD51F1CD3D500C7AEF8 = {
						CreatedOnToolsVersion = 8.2.1;
						ProvisioningStyle = Automatic;
					};
				};
			};
			buildConfigurationList = AF025DD11F1CD3D500C7AEF8 /* Build configuration list for PBXProject "SlideshowApp" */;
			compatibilityVersion = "Xcode 3.2";
			developmentRegion = English;
			hasScannedForEncodings = 0;
			knownRegions = (
				en,
				Base,
			);
			mainGroup = AF025DCD1F1CD3D500C7AEF8;
			productRefGroup = AF025DD71F1CD3D500C7AEF8 /* Products */;
			projectDirPath = "";
			projectRoot = "";
			targets = (
				AF025DD51F1CD3D500C7AEF8 /* SlideshowApp */,
			);
		};
/* End PBXProject section */

/* Begin PBXResourcesBuildPhase section */
		AF025DD41F1CD3D500C7AEF8 /* Resources */ = {
			isa = PBXResourcesBuildPhase;
			buildActionMask = 2147483647;
			files = (
				AF025DF11F1CE03A00C7AEF8 /* image_2.JPG in Resources */,
				AF025DE41F1CD3D500C7AEF8 /* LaunchScreen.storyboard in Resources */,
				AF025DE11F1CD3D500C7AEF8 /* Assets.xcassets in Resources */,
				AF025DF21F1CE03A00C7AEF8 /* image_3.JPG in Resources */,
				AF025DF01F1CE03A00C7AEF8 /* image_1.JPG in Resources */,
				AF025DDF1F1CD3D500C7AEF8 /* Main.storyboard in Resources */,
			);
			runOnlyForDeploymentPostprocessing = 0;
		};
/* End PBXResourcesBuildPhase section */

/* Begin PBXSourcesBuildPhase section */
		AF025DD21F1CD3D500C7AEF8 /* Sources */ = {
			isa = PBXSourcesBuildPhase;
			buildActionMask = 2147483647;
			files = (
				AF025DDC1F1CD3D500C7AEF8 /* ViewController.swift in Sources */,
				AF025DDA1F1CD3D500C7AEF8 /* AppDelegate.swift in Sources */,
				AF025DEC1F1CD8FC00C7AEF8 /* ShowViewController.swift in Sources */,
			);
			runOnlyForDeploymentPostprocessing = 0;
		};
/* End PBXSourcesBuildPhase section */

/* Begin PBXVariantGroup section */
		AF025DDD1F1CD3D500C7AEF8 /* Main.storyboard */ = {
			isa = PBXVariantGroup;
			children = (
				AF025DDE1F1CD3D500C7AEF8 /* Base */,
			);
			name = Main.storyboard;
			sourceTree = "<group>";
		};
		AF025DE21F1CD3D500C7AEF8 /* LaunchScreen.storyboard */ = {
			isa = PBXVariantGroup;
			children = (
				AF025DE31F1CD3D500C7AEF8 /* Base */,
			);
			name = LaunchScreen.storyboard;
			sourceTree = "<group>";
		};
/* End PBXVariantGroup section */

/* Begin XCBuildConfiguration section */
		AF025DE61F1CD3D500C7AEF8 /* Debug */ = {
			isa = XCBuildConfiguration;
			buildSettings = {
				ALWAYS_SEARCH_USER_PATHS = NO;
				CLANG_ANALYZER_NONNULL = YES;
				CLANG_CXX_LANGUAGE_STANDARD = "gnu++0x";
				CLANG_CXX_LIBRARY = "libc++";
				CLANG_ENABLE_MODULES = YES;
				CLANG_ENABLE_OBJC_ARC = YES;
				CLANG_WARN_BOOL_CONVERSION = YES;
				CLANG_WARN_CONSTANT_CONVERSION = YES;
				CLANG_WARN_DIRECT_OBJC_ISA_USAGE = YES_ERROR;
				CLANG_WARN_DOCUMENTATION_COMMENTS = YES;
				CLANG_WARN_EMPTY_BODY = YES;
				CLANG_WARN_ENUM_CONVERSION = YES;
				CLANG_WARN_INFINITE_RECURSION = YES;
				CLANG_WARN_INT_CONVERSION = YES;
				CLANG_WARN_OBJC_ROOT_CLASS = YES_ERROR;
				CLANG_WARN_SUSPICIOUS_MOVE = YES;
				CLANG_WARN_UNREACHABLE_CODE = YES;
				CLANG_WARN__DUPLICATE_METHOD_MATCH = YES;
				"CODE_SIGN_IDENTITY[sdk=iphoneos*]" = "iPhone Developer";
				COPY_PHASE_STRIP = NO;
				DEBUG_INFORMATION_FORMAT = dwarf;
				ENABLE_STRICT_OBJC_MSGSEND = YES;
				ENABLE_TESTABILITY = YES;
				GCC_C_LANGUAGE_STANDARD = gnu99;
				GCC_DYNAMIC_NO_PIC = NO;
				GCC_NO_COMMON_BLOCKS = YES;
				GCC_OPTIMIZATION_LEVEL = 0;
				GCC_PREPROCESSOR_DEFINITIONS = (
					"DEBUG=1",
					"$(inherited)",
				);
				GCC_WARN_64_TO_32_BIT_CONVERSION = YES;
				GCC_WARN_ABOUT_RETURN_TYPE = YES_ERROR;
				GCC_WARN_UNDECLARED_SELECTOR = YES;
				GCC_WARN_UNINITIALIZED_AUTOS = YES_AGGRESSIVE;
				GCC_WARN_UNUSED_FUNCTION = YES;
				GCC_WARN_UNUSED_VARIABLE = YES;
				IPHONEOS_DEPLOYMENT_TARGET = 10.2;
				MTL_ENABLE_DEBUG_INFO = YES;
				ONLY_ACTIVE_ARCH = YES;
				SDKROOT = iphoneos;
				SWIFT_ACTIVE_COMPILATION_CONDITIONS = DEBUG;
				SWIFT_OPTIMIZATION_LEVEL = "-Onone";
				TARGETED_DEVICE_FAMILY = "1,2";
			};
			name = Debug;
		};
		AF025DE71F1CD3D500C7AEF8 /* Release */ = {
			isa = XCBuildConfiguration;
			buildSettings = {
				ALWAYS_SEARCH_USER_PATHS = NO;
				CLANG_ANALYZER_NONNULL = YES;
				CLANG_CXX_LANGUAGE_STANDARD = "gnu++0x";
				CLANG_CXX_LIBRARY = "libc++";
				CLANG_ENABLE_MODULES = YES;
				CLANG_ENABLE_OBJC_ARC = YES;
				CLANG_WARN_BOOL_CONVERSION = YES;
				CLANG_WARN_CONSTANT_CONVERSION = YES;
				CLANG_WARN_DIRECT_OBJC_ISA_USAGE = YES_ERROR;
				CLANG_WARN_DOCUMENTATION_COMMENTS = YES;
				CLANG_WARN_EMPTY_BODY = YES;
				CLANG_WARN_ENUM_CONVERSION = YES;
				CLANG_WARN_INFINITE_RECURSION = YES;
				CLANG_WARN_INT_CONVERSION = YES;
				CLANG_WARN_OBJC_ROOT_CLASS = YES_ERROR;
				CLANG_WARN_SUSPICIOUS_MOVE = YES;
				CLANG_WARN_UNREACHABLE_CODE = YES;
				CLANG_WARN__DUPLICATE_METHOD_MATCH = YES;
				"CODE_SIGN_IDENTITY[sdk=iphoneos*]" = "iPhone Developer";
				COPY_PHASE_STRIP = NO;
				DEBUG_INFORMATION_FORMAT = "dwarf-with-dsym";
				ENABLE_NS_ASSERTIONS = NO;
				ENABLE_STRICT_OBJC_MSGSEND = YES;
				GCC_C_LANGUAGE_STANDARD = gnu99;
				GCC_NO_COMMON_BLOCKS = YES;
				GCC_WARN_64_TO_32_BIT_CONVERSION = YES;
				GCC_WARN_ABOUT_RETURN_TYPE = YES_ERROR;
				GCC_WARN_UNDECLARED_SELECTOR = YES;
				GCC_WARN_UNINITIALIZED_AUTOS = YES_AGGRESSIVE;
				GCC_WARN_UNUSED_FUNCTION = YES;
				GCC_WARN_UNUSED_VARIABLE = YES;
				IPHONEOS_DEPLOYMENT_TARGET = 10.2;
				MTL_ENABLE_DEBUG_INFO = NO;
				SDKROOT = iphoneos;
				SWIFT_OPTIMIZATION_LEVEL = "-Owholemodule";
				TARGETED_DEVICE_FAMILY = "1,2";
				VALIDATE_PRODUCT = YES;
			};
			name = Release;
		};
		AF025DE91F1CD3D500C7AEF8 /* Debug */ = {
			isa = XCBuildConfiguration;
			buildSettings = {
				ASSETCATALOG_COMPILER_APPICON_NAME = AppIcon;
				INFOPLIST_FILE = SlideshowApp/Info.plist;
				LD_RUNPATH_SEARCH_PATHS = "$(inherited) @executable_path/Frameworks";
				PRODUCT_BUNDLE_IDENTIFIER = jp.techacademy.ghard1053.SlideshowApp;
				PRODUCT_NAME = "$(TARGET_NAME)";
				SWIFT_VERSION = 3.0;
			};
			name = Debug;
		};
		AF025DEA1F1CD3D500C7AEF8 /* Release */ = {
			isa = XCBuildConfiguration;
			buildSettings = {
				ASSETCATALOG_COMPILER_APPICON_NAME = AppIcon;
				INFOPLIST_FILE = SlideshowApp/Info.plist;
				LD_RUNPATH_SEARCH_PATHS = "$(inherited) @executable_path/Frameworks";
				PRODUCT_BUNDLE_IDENTIFIER = jp.techacademy.ghard1053.SlideshowApp;
				PRODUCT_NAME = "$(TARGET_NAME)";
				SWIFT_VERSION = 3.0;
			};
			name = Release;
		};
/* End XCBuildConfiguration section */

/* Begin XCConfigurationList section */
		AF025DD11F1CD3D500C7AEF8 /* Build configuration list for PBXProject "SlideshowApp" */ = {
			isa = XCConfigurationList;
			buildConfigurations = (
				AF025DE61F1CD3D500C7AEF8 /* Debug */,
				AF025DE71F1CD3D500C7AEF8 /* Release */,
			);
			defaultConfigurationIsVisible = 0;
			defaultConfigurationName = Release;
		};
		AF025DE81F1CD3D500C7AEF8 /* Build configuration list for PBXNativeTarget "SlideshowApp" */ = {
			isa = XCConfigurationList;
			buildConfigurations = (
				AF025DE91F1CD3D500C7AEF8 /* Debug */,
				AF025DEA1F1CD3D500C7AEF8 /* Release */,
			);
			defaultConfigurationIsVisible = 0;
		};
/* End XCConfigurationList section */
	};
	rootObject = AF025DCE1F1CD3D500C7AEF8 /* Project object */;
}
